
Microsoft Visual Studio Solution File, Format Version 12.00
# Visual Studio Version 17
VisualStudioVersion = 17.0.31919.166
MinimumVisualStudioVersion = 10.0.40219.1
Project("{9A19103F-16F7-4668-BE54-9A1E7A4F7556}") = "Lista_Kviz", "Lista_Kviz\Lista_Kviz.csproj", "{22CED679-AF6D-48B8-BE90-055C01595105}"
EndProject
Global
	GlobalSection(SolutionConfigurationPlatforms) = preSolution
		Debug|Any CPU = Debug|Any CPU
		Release|Any CPU = Release|Any CPU
	EndGlobalSection
	GlobalSection(ProjectConfigurationPlatforms) = postSolution
		{22CED679-AF6D-48B8-BE90-055C01595105}.Debug|Any CPU.ActiveCfg = Debug|Any CPU
		{22CED679-AF6D-48B8-BE90-055C01595105}.Debug|Any CPU.Build.0 = Debug|Any CPU
		{22CED679-AF6D-48B8-BE90-055C01595105}.Release|Any CPU.ActiveCfg = Release|Any CPU
		{22CED679-AF6D-48B8-BE90-055C01595105}.Release|Any CPU.Build.0 = Release|Any CPU
	EndGlobalSection
	GlobalSection(SolutionProperties) = preSolution
		HideSolutionNode = FALSE
	EndGlobalSection
	GlobalSection(ExtensibilityGlobals) = postSolution
		SolutionGuid = {63948083-A392-4CEF-ADD3-F4D6AC9B4E42}
	EndGlobalSection
EndGlobal
